
Microsoft Visual Studio Solution File, Format Version 12.00
# Visual Studio 15
VisualStudioVersion = 15.0.28307.136
MinimumVisualStudioVersion = 10.0.40219.1
Project("{FAE04EC0-301F-11D3-BF4B-00C04F79EFBC}") = "06.TrafficLights", "06.TrafficLights\06.TrafficLights.csproj", "{EF1106F3-2619-4777-BFB4-BC0D52DA7A34}"
EndProject
Project("{FAE04EC0-301F-11D3-BF4B-00C04F79EFBC}") = "07.InfernoInfinity", "07.InfernoInfinity\07.InfernoInfinity.csproj", "{99104840-9474-4659-900D-00C104DB4B55}"
EndProject
Global
	GlobalSection(SolutionConfigurationPlatforms) = preSolution
		Debug|Any CPU = Debug|Any CPU
		Release|Any CPU = Release|Any CPU
	EndGlobalSection
	GlobalSection(ProjectConfigurationPlatforms) = postSolution
		{EF1106F3-2619-4777-BFB4-BC0D52DA7A34}.Debug|Any CPU.ActiveCfg = Debug|Any CPU
		{EF1106F3-2619-4777-BFB4-BC0D52DA7A34}.Debug|Any CPU.Build.0 = Debug|Any CPU
		{EF1106F3-2619-4777-BFB4-BC0D52DA7A34}.Release|Any CPU.ActiveCfg = Release|Any CPU
		{EF1106F3-2619-4777-BFB4-BC0D52DA7A34}.Release|Any CPU.Build.0 = Release|Any CPU
		{99104840-9474-4659-900D-00C104DB4B55}.Debug|Any CPU.ActiveCfg = Debug|Any CPU
		{99104840-9474-4659-900D-00C104DB4B55}.Debug|Any CPU.Build.0 = Debug|Any CPU
		{99104840-9474-4659-900D-00C104DB4B55}.Release|Any CPU.ActiveCfg = Release|Any CPU
		{99104840-9474-4659-900D-00C104DB4B55}.Release|Any CPU.Build.0 = Release|Any CPU
	EndGlobalSection
	GlobalSection(SolutionProperties) = preSolution
		HideSolutionNode = FALSE
	EndGlobalSection
	GlobalSection(ExtensibilityGlobals) = postSolution
		SolutionGuid = {2E52248A-660F-4804-8D7B-891830728CD5}
	EndGlobalSection
EndGlobal
